
Microsoft Visual Studio Solution File, Format Version 12.00
# Visual Studio Version 17
VisualStudioVersion = 17.2.32616.157
MinimumVisualStudioVersion = 10.0.40219.1
Project("{FAE04EC0-301F-11D3-BF4B-00C04F79EFBC}") = "CoderHousePreEntregaJuanPabloPeramas", "CoderHousePreEntregaJuanPabloPeramas\CoderHousePreEntregaJuanPabloPeramas.csproj", "{A6F98980-E55B-4419-BF25-D2DEFFD0FDD9}"
EndProject
Global
	GlobalSection(SolutionConfigurationPlatforms) = preSolution
		Debug|Any CPU = Debug|Any CPU
		Release|Any CPU = Release|Any CPU
	EndGlobalSection
	GlobalSection(ProjectConfigurationPlatforms) = postSolution
		{A6F98980-E55B-4419-BF25-D2DEFFD0FDD9}.Debug|Any CPU.ActiveCfg = Debug|Any CPU
		{A6F98980-E55B-4419-BF25-D2DEFFD0FDD9}.Debug|Any CPU.Build.0 = Debug|Any CPU
		{A6F98980-E55B-4419-BF25-D2DEFFD0FDD9}.Release|Any CPU.ActiveCfg = Release|Any CPU
		{A6F98980-E55B-4419-BF25-D2DEFFD0FDD9}.Release|Any CPU.Build.0 = Release|Any CPU
	EndGlobalSection
	GlobalSection(SolutionProperties) = preSolution
		HideSolutionNode = FALSE
	EndGlobalSection
	GlobalSection(ExtensibilityGlobals) = postSolution
		SolutionGuid = {60621A05-4942-4D68-A14A-29F70B3A9FE4}
	EndGlobalSection
EndGlobal
